
Microsoft Visual Studio Solution File, Format Version 12.00
# Visual Studio 15
VisualStudioVersion = 15.0.28010.2026
MinimumVisualStudioVersion = 10.0.40219.1
Project("{9A19103F-16F7-4668-BE54-9A1E7A4F7556}") = "FeedAggregatorClient", "FeedAggregatorClient\FeedAggregatorClient.csproj", "{B1B29357-F6B2-4F35-9730-059C8445A631}"
EndProject
Project("{9A19103F-16F7-4668-BE54-9A1E7A4F7556}") = "FeedAggregator.Shared", "..\RSS_FeedAggregaror\FeedAggregator.Shared\FeedAggregator.Shared.csproj", "{B088DC16-71B6-444B-91D5-43FCA78D3C61}"
EndProject
Project("{9A19103F-16F7-4668-BE54-9A1E7A4F7556}") = "FeedParser", "..\RSS_FeedAggregaror\FeedParser\FeedParser.csproj", "{8DAE8972-AC54-4076-91AF-5ED92A7292C3}"
EndProject
Global
	GlobalSection(SolutionConfigurationPlatforms) = preSolution
		Debug|Any CPU = Debug|Any CPU
		Release|Any CPU = Release|Any CPU
	EndGlobalSection
	GlobalSection(ProjectConfigurationPlatforms) = postSolution
		{B1B29357-F6B2-4F35-9730-059C8445A631}.Debug|Any CPU.ActiveCfg = Debug|Any CPU
		{B1B29357-F6B2-4F35-9730-059C8445A631}.Debug|Any CPU.Build.0 = Debug|Any CPU
		{B1B29357-F6B2-4F35-9730-059C8445A631}.Release|Any CPU.ActiveCfg = Release|Any CPU
		{B1B29357-F6B2-4F35-9730-059C8445A631}.Release|Any CPU.Build.0 = Release|Any CPU
		{B088DC16-71B6-444B-91D5-43FCA78D3C61}.Debug|Any CPU.ActiveCfg = Debug|Any CPU
		{B088DC16-71B6-444B-91D5-43FCA78D3C61}.Debug|Any CPU.Build.0 = Debug|Any CPU
		{B088DC16-71B6-444B-91D5-43FCA78D3C61}.Release|Any CPU.ActiveCfg = Release|Any CPU
		{B088DC16-71B6-444B-91D5-43FCA78D3C61}.Release|Any CPU.Build.0 = Release|Any CPU
		{8DAE8972-AC54-4076-91AF-5ED92A7292C3}.Debug|Any CPU.ActiveCfg = Debug|Any CPU
		{8DAE8972-AC54-4076-91AF-5ED92A7292C3}.Debug|Any CPU.Build.0 = Debug|Any CPU
		{8DAE8972-AC54-4076-91AF-5ED92A7292C3}.Release|Any CPU.ActiveCfg = Release|Any CPU
		{8DAE8972-AC54-4076-91AF-5ED92A7292C3}.Release|Any CPU.Build.0 = Release|Any CPU
	EndGlobalSection
	GlobalSection(SolutionProperties) = preSolution
		HideSolutionNode = FALSE
	EndGlobalSection
	GlobalSection(ExtensibilityGlobals) = postSolution
		SolutionGuid = {C8DFBF6B-F1BC-41D7-A478-70C844472B4B}
	EndGlobalSection
EndGlobal
